
Microsoft Visual Studio Solution File, Format Version 12.00
# Visual Studio Version 17
VisualStudioVersion = 17.10.34916.146
MinimumVisualStudioVersion = 10.0.40219.1
Project("{FAE04EC0-301F-11D3-BF4B-00C04F79EFBC}") = "Target", "Target.csproj", "{D6EA9AB6-350C-48A6-ACE7-C16E3A840B0B}"
EndProject
Global
	GlobalSection(SolutionConfigurationPlatforms) = preSolution
		Debug|Any CPU = Debug|Any CPU
		Release|Any CPU = Release|Any CPU
	EndGlobalSection
	GlobalSection(ProjectConfigurationPlatforms) = postSolution
		{D6EA9AB6-350C-48A6-ACE7-C16E3A840B0B}.Debug|Any CPU.ActiveCfg = Debug|Any CPU
		{D6EA9AB6-350C-48A6-ACE7-C16E3A840B0B}.Debug|Any CPU.Build.0 = Debug|Any CPU
		{D6EA9AB6-350C-48A6-ACE7-C16E3A840B0B}.Release|Any CPU.ActiveCfg = Release|Any CPU
		{D6EA9AB6-350C-48A6-ACE7-C16E3A840B0B}.Release|Any CPU.Build.0 = Release|Any CPU
	EndGlobalSection
	GlobalSection(SolutionProperties) = preSolution
		HideSolutionNode = FALSE
	EndGlobalSection
	GlobalSection(ExtensibilityGlobals) = postSolution
		SolutionGuid = {59E4D4EC-85FC-4D50-BD16-0DE3AFF22128}
	EndGlobalSection
EndGlobal
